# This file is automatically @generated by Cargo.
# It is not intended for manual editing.
[[package]]
name = "fuzzy-matcher"
version = "0.2.1"
source = "registry+https://github.com/rust-lang/crates.io-index"

[[package]]
name = "itoa"
version = "0.4.4"
source = "registry+https://github.com/rust-lang/crates.io-index"

[[package]]
name = "maple"
version = "0.1.0"
dependencies = [
 "fuzzy-matcher 0.2.1 (registry+https://github.com/rust-lang/crates.io-index)",
 "serde_json 1.0.41 (registry+https://github.com/rust-lang/crates.io-index)",
]

[[package]]
name = "ryu"
version = "1.0.2"
source = "registry+https://github.com/rust-lang/crates.io-index"

[[package]]
name = "serde"
version = "1.0.102"
source = "registry+https://github.com/rust-lang/crates.io-index"

[[package]]
name = "serde_json"
version = "1.0.41"
source = "registry+https://github.com/rust-lang/crates.io-index"
dependencies = [
 "itoa 0.4.4 (registry+https://github.com/rust-lang/crates.io-index)",
 "ryu 1.0.2 (registry+https://github.com/rust-lang/crates.io-index)",
 "serde 1.0.102 (registry+https://github.com/rust-lang/crates.io-index)",
]

[metadata]
"checksum fuzzy-matcher 0.2.1 (registry+https://github.com/rust-lang/crates.io-index)" = "2db8c952765d7250f5fa509db7f6510ceef4be8672affc9bdbeffa2695923f67"
"checksum itoa 0.4.4 (registry+https://github.com/rust-lang/crates.io-index)" = "501266b7edd0174f8530248f87f99c88fbe60ca4ef3dd486835b8d8d53136f7f"
"checksum ryu 1.0.2 (registry+https://github.com/rust-lang/crates.io-index)" = "bfa8506c1de11c9c4e4c38863ccbe02a305c8188e85a05a784c9e11e1c3910c8"
"checksum serde 1.0.102 (registry+https://github.com/rust-lang/crates.io-index)" = "0c4b39bd9b0b087684013a792c59e3e07a46a01d2322518d8a1104641a0b1be0"
"checksum serde_json 1.0.41 (registry+https://github.com/rust-lang/crates.io-index)" = "2f72eb2a68a7dc3f9a691bfda9305a1c017a6215e5a4545c258500d2099a37c2"
